
Microsoft Visual Studio Solution File, Format Version 12.00
# Visual Studio Version 16
VisualStudioVersion = 16.0.29318.209
MinimumVisualStudioVersion = 10.0.40219.1
Project("{FAE04EC0-301F-11D3-BF4B-00C04F79EFBC}") = "RPSLS", "RPSLS\RPSLS.csproj", "{3A52EC97-1F74-47FA-8D82-00D9C17FD79A}"
EndProject
Global
	GlobalSection(SolutionConfigurationPlatforms) = preSolution
		Debug|Any CPU = Debug|Any CPU
		Release|Any CPU = Release|Any CPU
	EndGlobalSection
	GlobalSection(ProjectConfigurationPlatforms) = postSolution
		{3A52EC97-1F74-47FA-8D82-00D9C17FD79A}.Debug|Any CPU.ActiveCfg = Debug|Any CPU
		{3A52EC97-1F74-47FA-8D82-00D9C17FD79A}.Debug|Any CPU.Build.0 = Debug|Any CPU
		{3A52EC97-1F74-47FA-8D82-00D9C17FD79A}.Release|Any CPU.ActiveCfg = Release|Any CPU
		{3A52EC97-1F74-47FA-8D82-00D9C17FD79A}.Release|Any CPU.Build.0 = Release|Any CPU
	EndGlobalSection
	GlobalSection(SolutionProperties) = preSolution
		HideSolutionNode = FALSE
	EndGlobalSection
	GlobalSection(ExtensibilityGlobals) = postSolution
		SolutionGuid = {83E96F7D-E60E-4C7B-867D-B9179A1C6BCB}
	EndGlobalSection
EndGlobal
